// !$*UTF8*$!
{
	archiveVersion = 1;
	classes = {
	};
	objectVersion = 45;
	objects = {

/* Begin PBXBuildFile section */
		8DD76F650486A84900D96B5E /* main.cpp in Sources */ = {isa = PBXBuildFile; fileRef = 08FB7796FE84155DC02AAC07 /* main.cpp */; settings = {ATTRIBUTES = (); }; };
		8DD76F6A0486A84900D96B5E /* rehearsal-seg-cluster.1 in CopyFiles */ = {isa = PBXBuildFile; fileRef = C6859E8B029090EE04C91782 /* rehearsal-seg-cluster.1 */; };
		9F26C8D714DDFD73005BE842 /* matdgn.c in Sources */ = {isa = PBXBuildFile; fileRef = 9F26C8D614DDFD73005BE842 /* matdgn.c */; };
		9F26C90214DE11EC005BE842 /* test.c in Sources */ = {isa = PBXBuildFile; fileRef = 9F26C90114DE11EC005BE842 /* test.c */; };
		9F34D93C1475CA810090E92F /* audioreader.cpp in Sources */ = {isa = PBXBuildFile; fileRef = 9F34D93B1475CA810090E92F /* audioreader.cpp */; };
		9F34D9451475CB190090E92F /* audiofilereader.cpp in Sources */ = {isa = PBXBuildFile; fileRef = 9F34D9441475CB190090E92F /* audiofilereader.cpp */; };
		9F79B8FB14D1505D001C8680 /* music_noise_classifier.cpp in Sources */ = {isa = PBXBuildFile; fileRef = 9F79B8FA14D1505D001C8680 /* music_noise_classifier.cpp */; };
		9F79B91D14D15128001C8680 /* hmm_smoother.cpp in Sources */ = {isa = PBXBuildFile; fileRef = 9F79B91C14D15128001C8680 /* hmm_smoother.cpp */; };
		9FA869311497F8D200675AB9 /* gen_chroma.cpp in Sources */ = {isa = PBXBuildFile; fileRef = 9FA8692F1497F8D200675AB9 /* gen_chroma.cpp */; };
		9FA869371497FEF400675AB9 /* rsc_utils.cpp in Sources */ = {isa = PBXBuildFile; fileRef = 9FA869361497FEF400675AB9 /* rsc_utils.cpp */; };
		9FA8694A1498072F00675AB9 /* scorealign.cpp in Sources */ = {isa = PBXBuildFile; fileRef = 9FA869481498072F00675AB9 /* scorealign.cpp */; };
		9FA869BB14981A8B00675AB9 /* adaboost.cpp in Sources */ = {isa = PBXBuildFile; fileRef = 9FA869B914981A8B00675AB9 /* adaboost.cpp */; };
		9FA869BE14981AEC00675AB9 /* FFT3.cpp in Sources */ = {isa = PBXBuildFile; fileRef = 9FA869BC14981AEC00675AB9 /* FFT3.cpp */; };
/* End PBXBuildFile section */

/* Begin PBXCopyFilesBuildPhase section */
		8DD76F690486A84900D96B5E /* CopyFiles */ = {
			isa = PBXCopyFilesBuildPhase;
			buildActionMask = 8;
			dstPath = /usr/share/man/man1/;
			dstSubfolderSpec = 0;
			files = (
				8DD76F6A0486A84900D96B5E /* rehearsal-seg-cluster.1 in CopyFiles */,
			);
			runOnlyForDeploymentPostprocessing = 1;
		};
/* End PBXCopyFilesBuildPhase section */

/* Begin PBXFileReference section */
		08FB7796FE84155DC02AAC07 /* main.cpp */ = {isa = PBXFileReference; fileEncoding = 4; lastKnownFileType = sourcecode.cpp.cpp; path = main.cpp; sourceTree = "<group>"; };
		8DD76F6C0486A84900D96B5E /* rehearsal-seg-cluster */ = {isa = PBXFileReference; explicitFileType = "compiled.mach-o.executable"; includeInIndex = 0; path = "rehearsal-seg-cluster"; sourceTree = BUILT_PRODUCTS_DIR; };
		9F26C8D614DDFD73005BE842 /* matdgn.c */ = {isa = PBXFileReference; fileEncoding = 4; lastKnownFileType = sourcecode.c.c; path = matdgn.c; sourceTree = "<group>"; };
		9F26C90114DE11EC005BE842 /* test.c */ = {isa = PBXFileReference; fileEncoding = 4; lastKnownFileType = sourcecode.c.c; path = test.c; sourceTree = "<group>"; };
		9F33CEBB14BB4EA200219608 /* sndfile.h */ = {isa = PBXFileReference; fileEncoding = 4; lastKnownFileType = sourcecode.c.h; path = sndfile.h; sourceTree = "<group>"; };
		9F34D93B1475CA810090E92F /* audioreader.cpp */ = {isa = PBXFileReference; fileEncoding = 4; lastKnownFileType = sourcecode.cpp.cpp; path = audioreader.cpp; sourceTree = "<group>"; };
		9F34D9441475CB190090E92F /* audiofilereader.cpp */ = {isa = PBXFileReference; fileEncoding = 4; lastKnownFileType = sourcecode.cpp.cpp; path = audiofilereader.cpp; sourceTree = "<group>"; };
		9F34D94E1475CBB50090E92F /* audioreader.h */ = {isa = PBXFileReference; fileEncoding = 4; lastKnownFileType = sourcecode.c.h; path = audioreader.h; sourceTree = "<group>"; };
		9F34D94F1475CBCC0090E92F /* audiofilereader.h */ = {isa = PBXFileReference; fileEncoding = 4; lastKnownFileType = sourcecode.c.h; path = audiofilereader.h; sourceTree = "<group>"; };
		9F79B8FA14D1505D001C8680 /* music_noise_classifier.cpp */ = {isa = PBXFileReference; fileEncoding = 4; lastKnownFileType = sourcecode.cpp.cpp; path = music_noise_classifier.cpp; sourceTree = "<group>"; };
		9F79B8FE14D1507C001C8680 /* music_noise_classifier.h */ = {isa = PBXFileReference; fileEncoding = 4; lastKnownFileType = sourcecode.c.h; path = music_noise_classifier.h; sourceTree = "<group>"; };
		9F79B91B14D15128001C8680 /* hmm_smoother.h */ = {isa = PBXFileReference; fileEncoding = 4; lastKnownFileType = sourcecode.c.h; path = hmm_smoother.h; sourceTree = "<group>"; };
		9F79B91C14D15128001C8680 /* hmm_smoother.cpp */ = {isa = PBXFileReference; fileEncoding = 4; lastKnownFileType = sourcecode.cpp.cpp; path = hmm_smoother.cpp; sourceTree = "<group>"; };
		9FA8692F1497F8D200675AB9 /* gen_chroma.cpp */ = {isa = PBXFileReference; fileEncoding = 4; lastKnownFileType = sourcecode.cpp.cpp; path = gen_chroma.cpp; sourceTree = "<group>"; };
		9FA869301497F8D200675AB9 /* gen_chroma.h */ = {isa = PBXFileReference; fileEncoding = 4; lastKnownFileType = sourcecode.c.h; path = gen_chroma.h; sourceTree = "<group>"; };
		9FA869361497FEF400675AB9 /* rsc_utils.cpp */ = {isa = PBXFileReference; fileEncoding = 4; lastKnownFileType = sourcecode.cpp.cpp; path = rsc_utils.cpp; sourceTree = "<group>"; };
		9FA8693B1497FF2300675AB9 /* rsc_utils.h */ = {isa = PBXFileReference; fileEncoding = 4; lastKnownFileType = sourcecode.c.h; path = rsc_utils.h; sourceTree = "<group>"; };
		9FA869481498072F00675AB9 /* scorealign.cpp */ = {isa = PBXFileReference; fileEncoding = 4; lastKnownFileType = sourcecode.cpp.cpp; path = scorealign.cpp; sourceTree = "<group>"; };
		9FA869491498072F00675AB9 /* scorealign.h */ = {isa = PBXFileReference; fileEncoding = 4; lastKnownFileType = sourcecode.c.h; path = scorealign.h; sourceTree = "<group>"; };
		9FA869B914981A8B00675AB9 /* adaboost.cpp */ = {isa = PBXFileReference; fileEncoding = 4; lastKnownFileType = sourcecode.cpp.cpp; path = adaboost.cpp; sourceTree = "<group>"; };
		9FA869BA14981A8B00675AB9 /* adaboost.h */ = {isa = PBXFileReference; fileEncoding = 4; lastKnownFileType = sourcecode.c.h; path = adaboost.h; sourceTree = "<group>"; };
		9FA869BC14981AEC00675AB9 /* FFT3.cpp */ = {isa = PBXFileReference; fileEncoding = 4; lastKnownFileType = sourcecode.cpp.cpp; name = FFT3.cpp; path = fft3/FFT3.cpp; sourceTree = "<group>"; };
		9FA869BD14981AEC00675AB9 /* FFT3.h */ = {isa = PBXFileReference; fileEncoding = 4; lastKnownFileType = sourcecode.c.h; name = FFT3.h; path = fft3/FFT3.h; sourceTree = "<group>"; };
		C6859E8B029090EE04C91782 /* rehearsal-seg-cluster.1 */ = {isa = PBXFileReference; lastKnownFileType = text.man; path = "rehearsal-seg-cluster.1"; sourceTree = "<group>"; };
/* End PBXFileReference section */

/* Begin PBXFrameworksBuildPhase section */
		8DD76F660486A84900D96B5E /* Frameworks */ = {
			isa = PBXFrameworksBuildPhase;
			buildActionMask = 2147483647;
			files = (
			);
			runOnlyForDeploymentPostprocessing = 0;
		};
/* End PBXFrameworksBuildPhase section */

/* Begin PBXGroup section */
		08FB7794FE84155DC02AAC07 /* rehearsal-seg-cluster */ = {
			isa = PBXGroup;
			children = (
				08FB7795FE84155DC02AAC07 /* Source */,
				C6859E8C029090F304C91782 /* Documentation */,
				1AB674ADFE9D54B511CA2CBB /* Products */,
			);
			name = "rehearsal-seg-cluster";
			sourceTree = "<group>";
		};
		08FB7795FE84155DC02AAC07 /* Source */ = {
			isa = PBXGroup;
			children = (
				9F26C8D914DDFDEE005BE842 /* externs */,
				9FA869BC14981AEC00675AB9 /* FFT3.cpp */,
				9FA869BD14981AEC00675AB9 /* FFT3.h */,
				9FA869481498072F00675AB9 /* scorealign.cpp */,
				9FA869491498072F00675AB9 /* scorealign.h */,
				9FA8693B1497FF2300675AB9 /* rsc_utils.h */,
				9FA869361497FEF400675AB9 /* rsc_utils.cpp */,
				9FA8692F1497F8D200675AB9 /* gen_chroma.cpp */,
				9FA869301497F8D200675AB9 /* gen_chroma.h */,
				9F34D92A1475C94F0090E92F /* clustering */,
				9F34D9291475C93F0090E92F /* segmentation */,
				08FB7796FE84155DC02AAC07 /* main.cpp */,
				9F34D93B1475CA810090E92F /* audioreader.cpp */,
				9F34D9441475CB190090E92F /* audiofilereader.cpp */,
				9F26C90114DE11EC005BE842 /* test.c */,
				9F34D94E1475CBB50090E92F /* audioreader.h */,
				9F34D94F1475CBCC0090E92F /* audiofilereader.h */,
				9F26C8D614DDFD73005BE842 /* matdgn.c */,
			);
			name = Source;
			sourceTree = "<group>";
		};
		1AB674ADFE9D54B511CA2CBB /* Products */ = {
			isa = PBXGroup;
			children = (
				8DD76F6C0486A84900D96B5E /* rehearsal-seg-cluster */,
			);
			name = Products;
			sourceTree = "<group>";
		};
		9F26C8D914DDFDEE005BE842 /* externs */ = {
			isa = PBXGroup;
			children = (
				9F33CEBB14BB4EA200219608 /* sndfile.h */,
			);
			name = externs;
			sourceTree = "<group>";
		};
		9F34D9291475C93F0090E92F /* segmentation */ = {
			isa = PBXGroup;
			children = (
				9F79B8FA14D1505D001C8680 /* music_noise_classifier.cpp */,
				9F79B8FE14D1507C001C8680 /* music_noise_classifier.h */,
				9F79B91B14D15128001C8680 /* hmm_smoother.h */,
				9F79B91C14D15128001C8680 /* hmm_smoother.cpp */,
				9FA869B914981A8B00675AB9 /* adaboost.cpp */,
				9FA869BA14981A8B00675AB9 /* adaboost.h */,
			);
			name = segmentation;
			sourceTree = "<group>";
		};
		9F34D92A1475C94F0090E92F /* clustering */ = {
			isa = PBXGroup;
			children = (
			);
			name = clustering;
			sourceTree = "<group>";
		};
		C6859E8C029090F304C91782 /* Documentation */ = {
			isa = PBXGroup;
			children = (
				C6859E8B029090EE04C91782 /* rehearsal-seg-cluster.1 */,
			);
			name = Documentation;
			sourceTree = "<group>";
		};
/* End PBXGroup section */

/* Begin PBXNativeTarget section */
		8DD76F620486A84900D96B5E /* rehearsal-seg-cluster */ = {
			isa = PBXNativeTarget;
			buildConfigurationList = 1DEB923108733DC60010E9CD /* Build configuration list for PBXNativeTarget "rehearsal-seg-cluster" */;
			buildPhases = (
				8DD76F640486A84900D96B5E /* Sources */,
				8DD76F660486A84900D96B5E /* Frameworks */,
				8DD76F690486A84900D96B5E /* CopyFiles */,
			);
			buildRules = (
			);
			dependencies = (
			);
			name = "rehearsal-seg-cluster";
			productInstallPath = "$(HOME)/bin";
			productName = "rehearsal-seg-cluster";
			productReference = 8DD76F6C0486A84900D96B5E /* rehearsal-seg-cluster */;
			productType = "com.apple.product-type.tool";
		};
/* End PBXNativeTarget section */

/* Begin PBXProject section */
		08FB7793FE84155DC02AAC07 /* Project object */ = {
			isa = PBXProject;
			buildConfigurationList = 1DEB923508733DC60010E9CD /* Build configuration list for PBXProject "rehearsal-seg-cluster" */;
			compatibilityVersion = "Xcode 3.1";
			developmentRegion = English;
			hasScannedForEncodings = 1;
			knownRegions = (
				English,
				Japanese,
				French,
				German,
			);
			mainGroup = 08FB7794FE84155DC02AAC07 /* rehearsal-seg-cluster */;
			projectDirPath = "";
			projectRoot = "";
			targets = (
				8DD76F620486A84900D96B5E /* rehearsal-seg-cluster */,
			);
		};
/* End PBXProject section */

/* Begin PBXSourcesBuildPhase section */
		8DD76F640486A84900D96B5E /* Sources */ = {
			isa = PBXSourcesBuildPhase;
			buildActionMask = 2147483647;
			files = (
				8DD76F650486A84900D96B5E /* main.cpp in Sources */,
				9F34D93C1475CA810090E92F /* audioreader.cpp in Sources */,
				9F34D9451475CB190090E92F /* audiofilereader.cpp in Sources */,
				9FA869311497F8D200675AB9 /* gen_chroma.cpp in Sources */,
				9FA869371497FEF400675AB9 /* rsc_utils.cpp in Sources */,
				9FA8694A1498072F00675AB9 /* scorealign.cpp in Sources */,
				9FA869BB14981A8B00675AB9 /* adaboost.cpp in Sources */,
				9FA869BE14981AEC00675AB9 /* FFT3.cpp in Sources */,
				9F79B8FB14D1505D001C8680 /* music_noise_classifier.cpp in Sources */,
				9F79B91D14D15128001C8680 /* hmm_smoother.cpp in Sources */,
				9F26C8D714DDFD73005BE842 /* matdgn.c in Sources */,
				9F26C90214DE11EC005BE842 /* test.c in Sources */,
			);
			runOnlyForDeploymentPostprocessing = 0;
		};
/* End PBXSourcesBuildPhase section */

/* Begin XCBuildConfiguration section */
		1DEB923208733DC60010E9CD /* Debug */ = {
			isa = XCBuildConfiguration;
			buildSettings = {
				ALWAYS_SEARCH_USER_PATHS = NO;
				COPY_PHASE_STRIP = NO;
				GCC_DYNAMIC_NO_PIC = NO;
				GCC_ENABLE_FIX_AND_CONTINUE = YES;
				GCC_MODEL_TUNING = G5;
				GCC_OPTIMIZATION_LEVEL = 0;
				INSTALL_PATH = /usr/local/bin;
				PRODUCT_NAME = "rehearsal-seg-cluster";
			};
			name = Debug;
		};
		1DEB923308733DC60010E9CD /* Release */ = {
			isa = XCBuildConfiguration;
			buildSettings = {
				ALWAYS_SEARCH_USER_PATHS = NO;
				DEBUG_INFORMATION_FORMAT = "dwarf-with-dsym";
				GCC_MODEL_TUNING = G5;
				INSTALL_PATH = /usr/local/bin;
				PRODUCT_NAME = "rehearsal-seg-cluster";
			};
			name = Release;
		};
		1DEB923608733DC60010E9CD /* Debug */ = {
			isa = XCBuildConfiguration;
			buildSettings = {
				ARCHS = "$(ARCHS_STANDARD_32_64_BIT)";
				GCC_C_LANGUAGE_STANDARD = gnu99;
				GCC_OPTIMIZATION_LEVEL = 0;
				GCC_WARN_ABOUT_RETURN_TYPE = YES;
				GCC_WARN_UNUSED_VARIABLE = YES;
				ONLY_ACTIVE_ARCH = YES;
				PREBINDING = NO;
				SDKROOT = macosx10.6;
			};
			name = Debug;
		};
		1DEB923708733DC60010E9CD /* Release */ = {
			isa = XCBuildConfiguration;
			buildSettings = {
				ARCHS = "$(ARCHS_STANDARD_32_64_BIT)";
				GCC_C_LANGUAGE_STANDARD = gnu99;
				GCC_WARN_ABOUT_RETURN_TYPE = YES;
				GCC_WARN_UNUSED_VARIABLE = YES;
				PREBINDING = NO;
				SDKROOT = macosx10.6;
			};
			name = Release;
		};
/* End XCBuildConfiguration section */

/* Begin XCConfigurationList section */
		1DEB923108733DC60010E9CD /* Build configuration list for PBXNativeTarget "rehearsal-seg-cluster" */ = {
			isa = XCConfigurationList;
			buildConfigurations = (
				1DEB923208733DC60010E9CD /* Debug */,
				1DEB923308733DC60010E9CD /* Release */,
			);
			defaultConfigurationIsVisible = 0;
			defaultConfigurationName = Release;
		};
		1DEB923508733DC60010E9CD /* Build configuration list for PBXProject "rehearsal-seg-cluster" */ = {
			isa = XCConfigurationList;
			buildConfigurations = (
				1DEB923608733DC60010E9CD /* Debug */,
				1DEB923708733DC60010E9CD /* Release */,
			);
			defaultConfigurationIsVisible = 0;
			defaultConfigurationName = Release;
		};
/* End XCConfigurationList section */
	};
	rootObject = 08FB7793FE84155DC02AAC07 /* Project object */;
}
