// !$*UTF8*$!
{
	archiveVersion = 1;
	classes = {
	};
	objectVersion = 45;
	objects = {

/* Begin PBXBuildFile section */
		8DD76F650486A84900D96B5E /* main.cpp in Sources */ = {isa = PBXBuildFile; fileRef = 08FB7796FE84155DC02AAC07 /* main.cpp */; settings = {ATTRIBUTES = (); }; };
		8DD76F6A0486A84900D96B5E /* rehearsal-seg-cluster.1 in CopyFiles */ = {isa = PBXBuildFile; fileRef = C6859E8B029090EE04C91782 /* rehearsal-seg-cluster.1 */; };
		9F75C73F154EE64A00A7CA44 /* clip_cluster.cpp in Sources */ = {isa = PBXBuildFile; fileRef = 9F75C73D154EE64A00A7CA44 /* clip_cluster.cpp */; };
		9F79B8FB14D1505D001C8680 /* music_noise_classifier.cpp in Sources */ = {isa = PBXBuildFile; fileRef = 9F79B8FA14D1505D001C8680 /* music_noise_classifier.cpp */; };
		9F79B91D14D15128001C8680 /* hmm_smoother.cpp in Sources */ = {isa = PBXBuildFile; fileRef = 9F79B91C14D15128001C8680 /* hmm_smoother.cpp */; };
		9FA869371497FEF400675AB9 /* rsc_utils.cpp in Sources */ = {isa = PBXBuildFile; fileRef = 9FA869361497FEF400675AB9 /* rsc_utils.cpp */; };
		9FA869BE14981AEC00675AB9 /* FFT3.cpp in Sources */ = {isa = PBXBuildFile; fileRef = 9FA869BC14981AEC00675AB9 /* FFT3.cpp */; };
		9FE18AB1155261A200701E82 /* libportaudio.2.dylib in Frameworks */ = {isa = PBXBuildFile; fileRef = 9FE18AAA155261A200701E82 /* libportaudio.2.dylib */; };
		9FE18AB2155261A200701E82 /* libportaudio.a in Frameworks */ = {isa = PBXBuildFile; fileRef = 9FE18AAB155261A200701E82 /* libportaudio.a */; };
		9FE18AB3155261A200701E82 /* libzmq.1.dylib in Frameworks */ = {isa = PBXBuildFile; fileRef = 9FE18AAD155261A200701E82 /* libzmq.1.dylib */; };
		9FE18AB4155261A200701E82 /* libzmq.a in Frameworks */ = {isa = PBXBuildFile; fileRef = 9FE18AAE155261A200701E82 /* libzmq.a */; };
		9FE18AB5155261A200701E82 /* libzmq.dylib in Frameworks */ = {isa = PBXBuildFile; fileRef = 9FE18AAF155261A200701E82 /* libzmq.dylib */; };
		9FE18ACD155262D400701E82 /* audio_player.cpp in Sources */ = {isa = PBXBuildFile; fileRef = 9FE18ACB155262D400701E82 /* audio_player.cpp */; };
		9FFBEFC9154F0DAD0036367D /* audio_clip.cpp in Sources */ = {isa = PBXBuildFile; fileRef = 9F75C3CF154E802300A7CA44 /* audio_clip.cpp */; };
		9FFBEFDB154F0DDE0036367D /* feature_extractor.cpp in Sources */ = {isa = PBXBuildFile; fileRef = 9F75C3D8154E802300A7CA44 /* feature_extractor.cpp */; };
		9FFBEFDC154F0DDE0036367D /* audiofilereader.cpp in Sources */ = {isa = PBXBuildFile; fileRef = 9F75C3D1154E802300A7CA44 /* audiofilereader.cpp */; };
		9FFBEFDD154F0DDE0036367D /* audioreader.cpp in Sources */ = {isa = PBXBuildFile; fileRef = 9F75C3D3154E802300A7CA44 /* audioreader.cpp */; };
		9FFBEFDE154F0DDE0036367D /* adaboost.cpp in Sources */ = {isa = PBXBuildFile; fileRef = 9F75C3CD154E802300A7CA44 /* adaboost.cpp */; };
		9FFBEFEC154F0F380036367D /* libsamplerate.0.dylib in Frameworks */ = {isa = PBXBuildFile; fileRef = 9FFBEFE6154F0F380036367D /* libsamplerate.0.dylib */; };
		9FFBEFED154F0F380036367D /* libsamplerate.a in Frameworks */ = {isa = PBXBuildFile; fileRef = 9FFBEFE7154F0F380036367D /* libsamplerate.a */; };
		9FFBEFEE154F0F390036367D /* libsndfile.1.dylib in Frameworks */ = {isa = PBXBuildFile; fileRef = 9FFBEFE9154F0F380036367D /* libsndfile.1.dylib */; };
		9FFBEFEF154F0F390036367D /* libsndfile.a in Frameworks */ = {isa = PBXBuildFile; fileRef = 9FFBEFEA154F0F380036367D /* libsndfile.a */; };
/* End PBXBuildFile section */

/* Begin PBXCopyFilesBuildPhase section */
		8DD76F690486A84900D96B5E /* CopyFiles */ = {
			isa = PBXCopyFilesBuildPhase;
			buildActionMask = 8;
			dstPath = /usr/share/man/man1/;
			dstSubfolderSpec = 0;
			files = (
				8DD76F6A0486A84900D96B5E /* rehearsal-seg-cluster.1 in CopyFiles */,
			);
			runOnlyForDeploymentPostprocessing = 1;
		};
/* End PBXCopyFilesBuildPhase section */

/* Begin PBXFileReference section */
		08FB7796FE84155DC02AAC07 /* main.cpp */ = {isa = PBXFileReference; fileEncoding = 4; lastKnownFileType = sourcecode.cpp.cpp; path = main.cpp; sourceTree = "<group>"; };
		8DD76F6C0486A84900D96B5E /* rehearsal-seg-cluster */ = {isa = PBXFileReference; explicitFileType = "compiled.mach-o.executable"; includeInIndex = 0; path = "rehearsal-seg-cluster"; sourceTree = BUILT_PRODUCTS_DIR; };
		9F75C3CD154E802300A7CA44 /* adaboost.cpp */ = {isa = PBXFileReference; lastKnownFileType = sourcecode.cpp.cpp; path = adaboost.cpp; sourceTree = "<group>"; };
		9F75C3CE154E802300A7CA44 /* adaboost.h */ = {isa = PBXFileReference; lastKnownFileType = sourcecode.c.h; path = adaboost.h; sourceTree = "<group>"; };
		9F75C3CF154E802300A7CA44 /* audio_clip.cpp */ = {isa = PBXFileReference; lastKnownFileType = sourcecode.cpp.cpp; path = audio_clip.cpp; sourceTree = "<group>"; };
		9F75C3D0154E802300A7CA44 /* audio_clip.h */ = {isa = PBXFileReference; lastKnownFileType = sourcecode.c.h; path = audio_clip.h; sourceTree = "<group>"; };
		9F75C3D1154E802300A7CA44 /* audiofilereader.cpp */ = {isa = PBXFileReference; lastKnownFileType = sourcecode.cpp.cpp; path = audiofilereader.cpp; sourceTree = "<group>"; };
		9F75C3D2154E802300A7CA44 /* audiofilereader.h */ = {isa = PBXFileReference; lastKnownFileType = sourcecode.c.h; path = audiofilereader.h; sourceTree = "<group>"; };
		9F75C3D3154E802300A7CA44 /* audioreader.cpp */ = {isa = PBXFileReference; lastKnownFileType = sourcecode.cpp.cpp; path = audioreader.cpp; sourceTree = "<group>"; };
		9F75C3D4154E802300A7CA44 /* audioreader.h */ = {isa = PBXFileReference; lastKnownFileType = sourcecode.c.h; path = audioreader.h; sourceTree = "<group>"; };
		9F75C3D7154E802300A7CA44 /* constant.h */ = {isa = PBXFileReference; lastKnownFileType = sourcecode.c.h; path = constant.h; sourceTree = "<group>"; };
		9F75C3D8154E802300A7CA44 /* feature_extractor.cpp */ = {isa = PBXFileReference; lastKnownFileType = sourcecode.cpp.cpp; path = feature_extractor.cpp; sourceTree = "<group>"; };
		9F75C3D9154E802300A7CA44 /* feature_extractor.h */ = {isa = PBXFileReference; lastKnownFileType = sourcecode.c.h; path = feature_extractor.h; sourceTree = "<group>"; };
		9F75C73D154EE64A00A7CA44 /* clip_cluster.cpp */ = {isa = PBXFileReference; fileEncoding = 4; lastKnownFileType = sourcecode.cpp.cpp; path = clip_cluster.cpp; sourceTree = "<group>"; };
		9F75C75B154EE7BA00A7CA44 /* clip_cluster.h */ = {isa = PBXFileReference; fileEncoding = 4; lastKnownFileType = sourcecode.c.h; path = clip_cluster.h; sourceTree = "<group>"; };
		9F79B8FA14D1505D001C8680 /* music_noise_classifier.cpp */ = {isa = PBXFileReference; fileEncoding = 4; lastKnownFileType = sourcecode.cpp.cpp; path = music_noise_classifier.cpp; sourceTree = "<group>"; };
		9F79B8FE14D1507C001C8680 /* music_noise_classifier.h */ = {isa = PBXFileReference; fileEncoding = 4; lastKnownFileType = sourcecode.c.h; path = music_noise_classifier.h; sourceTree = "<group>"; };
		9F79B91B14D15128001C8680 /* hmm_smoother.h */ = {isa = PBXFileReference; fileEncoding = 4; lastKnownFileType = sourcecode.c.h; path = hmm_smoother.h; sourceTree = "<group>"; };
		9F79B91C14D15128001C8680 /* hmm_smoother.cpp */ = {isa = PBXFileReference; fileEncoding = 4; lastKnownFileType = sourcecode.cpp.cpp; path = hmm_smoother.cpp; sourceTree = "<group>"; };
		9FA869361497FEF400675AB9 /* rsc_utils.cpp */ = {isa = PBXFileReference; fileEncoding = 4; lastKnownFileType = sourcecode.cpp.cpp; path = rsc_utils.cpp; sourceTree = "<group>"; };
		9FA8693B1497FF2300675AB9 /* rsc_utils.h */ = {isa = PBXFileReference; fileEncoding = 4; lastKnownFileType = sourcecode.c.h; path = rsc_utils.h; sourceTree = "<group>"; };
		9FA869BC14981AEC00675AB9 /* FFT3.cpp */ = {isa = PBXFileReference; fileEncoding = 4; lastKnownFileType = sourcecode.cpp.cpp; name = FFT3.cpp; path = fft3/FFT3.cpp; sourceTree = "<group>"; };
		9FA869BD14981AEC00675AB9 /* FFT3.h */ = {isa = PBXFileReference; fileEncoding = 4; lastKnownFileType = sourcecode.c.h; name = FFT3.h; path = fft3/FFT3.h; sourceTree = "<group>"; };
		9FE18AAA155261A200701E82 /* libportaudio.2.dylib */ = {isa = PBXFileReference; lastKnownFileType = "compiled.mach-o.dylib"; path = libportaudio.2.dylib; sourceTree = "<group>"; };
		9FE18AAB155261A200701E82 /* libportaudio.a */ = {isa = PBXFileReference; lastKnownFileType = archive.ar; path = libportaudio.a; sourceTree = "<group>"; };
		9FE18AAC155261A200701E82 /* libportaudio.la */ = {isa = PBXFileReference; fileEncoding = 4; lastKnownFileType = text; path = libportaudio.la; sourceTree = "<group>"; };
		9FE18AAD155261A200701E82 /* libzmq.1.dylib */ = {isa = PBXFileReference; lastKnownFileType = "compiled.mach-o.dylib"; path = libzmq.1.dylib; sourceTree = "<group>"; };
		9FE18AAE155261A200701E82 /* libzmq.a */ = {isa = PBXFileReference; lastKnownFileType = archive.ar; path = libzmq.a; sourceTree = "<group>"; };
		9FE18AAF155261A200701E82 /* libzmq.dylib */ = {isa = PBXFileReference; lastKnownFileType = "compiled.mach-o.dylib"; path = libzmq.dylib; sourceTree = "<group>"; };
		9FE18AB0155261A200701E82 /* libzmq.la */ = {isa = PBXFileReference; fileEncoding = 4; lastKnownFileType = text; path = libzmq.la; sourceTree = "<group>"; };
		9FE18ACB155262D400701E82 /* audio_player.cpp */ = {isa = PBXFileReference; fileEncoding = 4; lastKnownFileType = sourcecode.cpp.cpp; path = audio_player.cpp; sourceTree = "<group>"; };
		9FE18ACC155262D400701E82 /* audio_player.h */ = {isa = PBXFileReference; fileEncoding = 4; lastKnownFileType = sourcecode.c.h; path = audio_player.h; sourceTree = "<group>"; };
		9FFBEFE6154F0F380036367D /* libsamplerate.0.dylib */ = {isa = PBXFileReference; lastKnownFileType = "compiled.mach-o.dylib"; path = libsamplerate.0.dylib; sourceTree = "<group>"; };
		9FFBEFE7154F0F380036367D /* libsamplerate.a */ = {isa = PBXFileReference; lastKnownFileType = archive.ar; path = libsamplerate.a; sourceTree = "<group>"; };
		9FFBEFE8154F0F380036367D /* libsamplerate.la */ = {isa = PBXFileReference; fileEncoding = 4; lastKnownFileType = text; path = libsamplerate.la; sourceTree = "<group>"; };
		9FFBEFE9154F0F380036367D /* libsndfile.1.dylib */ = {isa = PBXFileReference; lastKnownFileType = "compiled.mach-o.dylib"; path = libsndfile.1.dylib; sourceTree = "<group>"; };
		9FFBEFEA154F0F380036367D /* libsndfile.a */ = {isa = PBXFileReference; lastKnownFileType = archive.ar; path = libsndfile.a; sourceTree = "<group>"; };
		9FFBEFEB154F0F380036367D /* libsndfile.la */ = {isa = PBXFileReference; fileEncoding = 4; lastKnownFileType = text; path = libsndfile.la; sourceTree = "<group>"; };
		C6859E8B029090EE04C91782 /* rehearsal-seg-cluster.1 */ = {isa = PBXFileReference; lastKnownFileType = text.man; path = "rehearsal-seg-cluster.1"; sourceTree = "<group>"; };
/* End PBXFileReference section */

/* Begin PBXFrameworksBuildPhase section */
		8DD76F660486A84900D96B5E /* Frameworks */ = {
			isa = PBXFrameworksBuildPhase;
			buildActionMask = 2147483647;
			files = (
				9FFBEFEC154F0F380036367D /* libsamplerate.0.dylib in Frameworks */,
				9FFBEFED154F0F380036367D /* libsamplerate.a in Frameworks */,
				9FFBEFEE154F0F390036367D /* libsndfile.1.dylib in Frameworks */,
				9FFBEFEF154F0F390036367D /* libsndfile.a in Frameworks */,
				9FE18AB1155261A200701E82 /* libportaudio.2.dylib in Frameworks */,
				9FE18AB2155261A200701E82 /* libportaudio.a in Frameworks */,
				9FE18AB3155261A200701E82 /* libzmq.1.dylib in Frameworks */,
				9FE18AB4155261A200701E82 /* libzmq.a in Frameworks */,
				9FE18AB5155261A200701E82 /* libzmq.dylib in Frameworks */,
			);
			runOnlyForDeploymentPostprocessing = 0;
		};
/* End PBXFrameworksBuildPhase section */

/* Begin PBXGroup section */
		08FB7794FE84155DC02AAC07 /* rehearsal-seg-cluster */ = {
			isa = PBXGroup;
			children = (
				9FE18AAA155261A200701E82 /* libportaudio.2.dylib */,
				9FE18AAB155261A200701E82 /* libportaudio.a */,
				9FE18AAC155261A200701E82 /* libportaudio.la */,
				9FE18AAD155261A200701E82 /* libzmq.1.dylib */,
				9FE18AAE155261A200701E82 /* libzmq.a */,
				9FE18AAF155261A200701E82 /* libzmq.dylib */,
				9FE18AB0155261A200701E82 /* libzmq.la */,
				9FFBEFE5154F0F380036367D /* lib */,
				08FB7795FE84155DC02AAC07 /* Source */,
				C6859E8C029090F304C91782 /* Documentation */,
				1AB674ADFE9D54B511CA2CBB /* Products */,
			);
			name = "rehearsal-seg-cluster";
			sourceTree = "<group>";
		};
		08FB7795FE84155DC02AAC07 /* Source */ = {
			isa = PBXGroup;
			children = (
				9F75C5BC154E96DE00A7CA44 /* Misc */,
				9F75C5BA154E96B500A7CA44 /* Features Extraction */,
				9F75C5AE154E965800A7CA44 /* Audio IO */,
				9F75C5AD154E964B00A7CA44 /* Cluster */,
				9F75C5AC154E962D00A7CA44 /* MNC */,
				9F75C5A3154E961B00A7CA44 /* FFT3 */,
				9F75C3CF154E802300A7CA44 /* audio_clip.cpp */,
				9F75C3D0154E802300A7CA44 /* audio_clip.h */,
				08FB7796FE84155DC02AAC07 /* main.cpp */,
			);
			name = Source;
			sourceTree = "<group>";
		};
		1AB674ADFE9D54B511CA2CBB /* Products */ = {
			isa = PBXGroup;
			children = (
				8DD76F6C0486A84900D96B5E /* rehearsal-seg-cluster */,
			);
			name = Products;
			sourceTree = "<group>";
		};
		9F75C5A3154E961B00A7CA44 /* FFT3 */ = {
			isa = PBXGroup;
			children = (
				9FA869BC14981AEC00675AB9 /* FFT3.cpp */,
				9FA869BD14981AEC00675AB9 /* FFT3.h */,
			);
			name = FFT3;
			sourceTree = "<group>";
		};
		9F75C5AC154E962D00A7CA44 /* MNC */ = {
			isa = PBXGroup;
			children = (
				9F75C3CD154E802300A7CA44 /* adaboost.cpp */,
				9F75C3CE154E802300A7CA44 /* adaboost.h */,
				9F79B8FA14D1505D001C8680 /* music_noise_classifier.cpp */,
				9F79B8FE14D1507C001C8680 /* music_noise_classifier.h */,
				9F79B91B14D15128001C8680 /* hmm_smoother.h */,
				9F79B91C14D15128001C8680 /* hmm_smoother.cpp */,
			);
			name = MNC;
			sourceTree = "<group>";
		};
		9F75C5AD154E964B00A7CA44 /* Cluster */ = {
			isa = PBXGroup;
			children = (
				9F75C75B154EE7BA00A7CA44 /* clip_cluster.h */,
				9F75C73D154EE64A00A7CA44 /* clip_cluster.cpp */,
			);
			name = Cluster;
			sourceTree = "<group>";
		};
		9F75C5AE154E965800A7CA44 /* Audio IO */ = {
			isa = PBXGroup;
			children = (
				9F75C3D1154E802300A7CA44 /* audiofilereader.cpp */,
				9F75C3D2154E802300A7CA44 /* audiofilereader.h */,
				9F75C3D3154E802300A7CA44 /* audioreader.cpp */,
				9F75C3D4154E802300A7CA44 /* audioreader.h */,
				9FE18ACC155262D400701E82 /* audio_player.h */,
				9FE18ACB155262D400701E82 /* audio_player.cpp */,
			);
			name = "Audio IO";
			sourceTree = "<group>";
		};
		9F75C5BA154E96B500A7CA44 /* Features Extraction */ = {
			isa = PBXGroup;
			children = (
				9F75C3D8154E802300A7CA44 /* feature_extractor.cpp */,
				9F75C3D9154E802300A7CA44 /* feature_extractor.h */,
			);
			name = "Features Extraction";
			sourceTree = "<group>";
		};
		9F75C5BC154E96DE00A7CA44 /* Misc */ = {
			isa = PBXGroup;
			children = (
				9F75C3D7154E802300A7CA44 /* constant.h */,
				9FA8693B1497FF2300675AB9 /* rsc_utils.h */,
				9FA869361497FEF400675AB9 /* rsc_utils.cpp */,
			);
			name = Misc;
			sourceTree = "<group>";
		};
		9FFBEFE5154F0F380036367D /* lib */ = {
			isa = PBXGroup;
			children = (
				9FFBEFE6154F0F380036367D /* libsamplerate.0.dylib */,
				9FFBEFE7154F0F380036367D /* libsamplerate.a */,
				9FFBEFE8154F0F380036367D /* libsamplerate.la */,
				9FFBEFE9154F0F380036367D /* libsndfile.1.dylib */,
				9FFBEFEA154F0F380036367D /* libsndfile.a */,
				9FFBEFEB154F0F380036367D /* libsndfile.la */,
			);
			path = lib;
			sourceTree = "<group>";
		};
		C6859E8C029090F304C91782 /* Documentation */ = {
			isa = PBXGroup;
			children = (
				C6859E8B029090EE04C91782 /* rehearsal-seg-cluster.1 */,
			);
			name = Documentation;
			sourceTree = "<group>";
		};
/* End PBXGroup section */

/* Begin PBXNativeTarget section */
		8DD76F620486A84900D96B5E /* rehearsal-seg-cluster */ = {
			isa = PBXNativeTarget;
			buildConfigurationList = 1DEB923108733DC60010E9CD /* Build configuration list for PBXNativeTarget "rehearsal-seg-cluster" */;
			buildPhases = (
				8DD76F640486A84900D96B5E /* Sources */,
				8DD76F660486A84900D96B5E /* Frameworks */,
				8DD76F690486A84900D96B5E /* CopyFiles */,
			);
			buildRules = (
			);
			dependencies = (
			);
			name = "rehearsal-seg-cluster";
			productInstallPath = "$(HOME)/bin";
			productName = "rehearsal-seg-cluster";
			productReference = 8DD76F6C0486A84900D96B5E /* rehearsal-seg-cluster */;
			productType = "com.apple.product-type.tool";
		};
/* End PBXNativeTarget section */

/* Begin PBXProject section */
		08FB7793FE84155DC02AAC07 /* Project object */ = {
			isa = PBXProject;
			buildConfigurationList = 1DEB923508733DC60010E9CD /* Build configuration list for PBXProject "rehearsal-seg-cluster" */;
			compatibilityVersion = "Xcode 3.1";
			developmentRegion = English;
			hasScannedForEncodings = 1;
			knownRegions = (
				English,
				Japanese,
				French,
				German,
			);
			mainGroup = 08FB7794FE84155DC02AAC07 /* rehearsal-seg-cluster */;
			projectDirPath = "";
			projectRoot = "";
			targets = (
				8DD76F620486A84900D96B5E /* rehearsal-seg-cluster */,
			);
		};
/* End PBXProject section */

/* Begin PBXSourcesBuildPhase section */
		8DD76F640486A84900D96B5E /* Sources */ = {
			isa = PBXSourcesBuildPhase;
			buildActionMask = 2147483647;
			files = (
				9FA869371497FEF400675AB9 /* rsc_utils.cpp in Sources */,
				9FFBEFDB154F0DDE0036367D /* feature_extractor.cpp in Sources */,
				9FFBEFDC154F0DDE0036367D /* audiofilereader.cpp in Sources */,
				9FFBEFDD154F0DDE0036367D /* audioreader.cpp in Sources */,
				9FFBEFDE154F0DDE0036367D /* adaboost.cpp in Sources */,
				8DD76F650486A84900D96B5E /* main.cpp in Sources */,
				9FFBEFC9154F0DAD0036367D /* audio_clip.cpp in Sources */,
				9FA869BE14981AEC00675AB9 /* FFT3.cpp in Sources */,
				9F79B8FB14D1505D001C8680 /* music_noise_classifier.cpp in Sources */,
				9F79B91D14D15128001C8680 /* hmm_smoother.cpp in Sources */,
				9F75C73F154EE64A00A7CA44 /* clip_cluster.cpp in Sources */,
				9FE18ACD155262D400701E82 /* audio_player.cpp in Sources */,
			);
			runOnlyForDeploymentPostprocessing = 0;
		};
/* End PBXSourcesBuildPhase section */

/* Begin XCBuildConfiguration section */
		1DEB923208733DC60010E9CD /* Debug */ = {
			isa = XCBuildConfiguration;
			buildSettings = {
				ALWAYS_SEARCH_USER_PATHS = NO;
				COPY_PHASE_STRIP = NO;
				GCC_DYNAMIC_NO_PIC = NO;
				GCC_ENABLE_FIX_AND_CONTINUE = YES;
				GCC_MODEL_TUNING = G5;
				GCC_OPTIMIZATION_LEVEL = 0;
				INSTALL_PATH = /usr/local/bin;
				LIBRARY_SEARCH_PATHS = (
					"$(inherited)",
					"\"$(SRCROOT)\"",
					"\"$(SRCROOT)/lib\"",
				);
				PRODUCT_NAME = "rehearsal-seg-cluster";
			};
			name = Debug;
		};
		1DEB923308733DC60010E9CD /* Release */ = {
			isa = XCBuildConfiguration;
			buildSettings = {
				ALWAYS_SEARCH_USER_PATHS = NO;
				DEBUG_INFORMATION_FORMAT = "dwarf-with-dsym";
				GCC_MODEL_TUNING = G5;
				INSTALL_PATH = /usr/local/bin;
				LIBRARY_SEARCH_PATHS = (
					"$(inherited)",
					"\"$(SRCROOT)\"",
					"\"$(SRCROOT)/lib\"",
				);
				PRODUCT_NAME = "rehearsal-seg-cluster";
			};
			name = Release;
		};
		1DEB923608733DC60010E9CD /* Debug */ = {
			isa = XCBuildConfiguration;
			buildSettings = {
				ARCHS = "$(ARCHS_STANDARD_32_64_BIT)";
				GCC_C_LANGUAGE_STANDARD = gnu99;
				GCC_DEBUGGING_SYMBOLS = full;
				GCC_OPTIMIZATION_LEVEL = 0;
				GCC_WARN_ABOUT_RETURN_TYPE = YES;
				GCC_WARN_UNUSED_VARIABLE = YES;
				HEADER_SEARCH_PATHS = (
					"/usr/local/include/**",
					"/usr/include/**",
				);
				LIBRARY_SEARCH_PATHS = (
					./lib,
					/usr/local/lib,
					/usr/lib/,
				);
				ONLY_ACTIVE_ARCH = YES;
				PREBINDING = NO;
				SDKROOT = macosx10.6;
			};
			name = Debug;
		};
		1DEB923708733DC60010E9CD /* Release */ = {
			isa = XCBuildConfiguration;
			buildSettings = {
				ARCHS = "$(ARCHS_STANDARD_32_64_BIT)";
				GCC_C_LANGUAGE_STANDARD = gnu99;
				GCC_WARN_ABOUT_RETURN_TYPE = YES;
				GCC_WARN_UNUSED_VARIABLE = YES;
				PREBINDING = NO;
				SDKROOT = macosx10.6;
			};
			name = Release;
		};
/* End XCBuildConfiguration section */

/* Begin XCConfigurationList section */
		1DEB923108733DC60010E9CD /* Build configuration list for PBXNativeTarget "rehearsal-seg-cluster" */ = {
			isa = XCConfigurationList;
			buildConfigurations = (
				1DEB923208733DC60010E9CD /* Debug */,
				1DEB923308733DC60010E9CD /* Release */,
			);
			defaultConfigurationIsVisible = 0;
			defaultConfigurationName = Debug;
		};
		1DEB923508733DC60010E9CD /* Build configuration list for PBXProject "rehearsal-seg-cluster" */ = {
			isa = XCConfigurationList;
			buildConfigurations = (
				1DEB923608733DC60010E9CD /* Debug */,
				1DEB923708733DC60010E9CD /* Release */,
			);
			defaultConfigurationIsVisible = 0;
			defaultConfigurationName = Debug;
		};
/* End XCConfigurationList section */
	};
	rootObject = 08FB7793FE84155DC02AAC07 /* Project object */;
}
