// !$*UTF8*$!
{
	archiveVersion = 1;
	classes = {
	};
	objectVersion = 45;
	objects = {

/* Begin PBXBuildFile section */
		8DD76F650486A84900D96B5E /* main.cpp in Sources */ = {isa = PBXBuildFile; fileRef = 08FB7796FE84155DC02AAC07 /* main.cpp */; settings = {ATTRIBUTES = (); }; };
		8DD76F6A0486A84900D96B5E /* rehearsal-seg-cluster.1 in CopyFiles */ = {isa = PBXBuildFile; fileRef = C6859E8B029090EE04C91782 /* rehearsal-seg-cluster.1 */; };
		9FC7DA5815E5E84900F73D40 /* adaboost.cpp in Sources */ = {isa = PBXBuildFile; fileRef = 9FC7DA4E15E5E84900F73D40 /* adaboost.cpp */; };
		9FC7DA5915E5E84900F73D40 /* audio_clip.cpp in Sources */ = {isa = PBXBuildFile; fileRef = 9FC7DA5015E5E84900F73D40 /* audio_clip.cpp */; };
		9FC7DA5A15E5E84900F73D40 /* audio_player.cpp in Sources */ = {isa = PBXBuildFile; fileRef = 9FC7DA5215E5E84900F73D40 /* audio_player.cpp */; };
		9FC7DA5B15E5E84900F73D40 /* audiofilereader.cpp in Sources */ = {isa = PBXBuildFile; fileRef = 9FC7DA5415E5E84900F73D40 /* audiofilereader.cpp */; };
		9FC7DA5C15E5E84900F73D40 /* audioreader.cpp in Sources */ = {isa = PBXBuildFile; fileRef = 9FC7DA5615E5E84900F73D40 /* audioreader.cpp */; };
		9FC7DA5F15E5E87600F73D40 /* rsc_utils.cpp in Sources */ = {isa = PBXBuildFile; fileRef = 9FC7DA5D15E5E87600F73D40 /* rsc_utils.cpp */; };
		9FC7DA6215E5E89200F73D40 /* music_noise_classifier.cpp in Sources */ = {isa = PBXBuildFile; fileRef = 9FC7DA6015E5E89200F73D40 /* music_noise_classifier.cpp */; };
		9FC7DA6915E5E8D600F73D40 /* FFT3.cpp in Sources */ = {isa = PBXBuildFile; fileRef = 9FC7DA6715E5E8D600F73D40 /* FFT3.cpp */; };
		9FC7DA6F15E5E8EB00F73D40 /* clip_cluster.cpp in Sources */ = {isa = PBXBuildFile; fileRef = 9FC7DA6A15E5E8EB00F73D40 /* clip_cluster.cpp */; };
		9FC7DA7015E5E8EB00F73D40 /* feature_extractor.cpp in Sources */ = {isa = PBXBuildFile; fileRef = 9FC7DA6D15E5E8EB00F73D40 /* feature_extractor.cpp */; };
		9FC7DA7515E5E8F400F73D40 /* hmm_smoother.cpp in Sources */ = {isa = PBXBuildFile; fileRef = 9FC7DA7215E5E8F400F73D40 /* hmm_smoother.cpp */; };
		9FFF7BA715E5F2DE001E8C47 /* libportaudio.2.dylib in Frameworks */ = {isa = PBXBuildFile; fileRef = 9FFF7BA015E5F2DE001E8C47 /* libportaudio.2.dylib */; };
		9FFF7BA815E5F2DE001E8C47 /* libportaudio.a in Frameworks */ = {isa = PBXBuildFile; fileRef = 9FFF7BA115E5F2DE001E8C47 /* libportaudio.a */; };
		9FFF7BA915E5F2DF001E8C47 /* libzmq.1.dylib in Frameworks */ = {isa = PBXBuildFile; fileRef = 9FFF7BA315E5F2DE001E8C47 /* libzmq.1.dylib */; };
		9FFF7BAA15E5F2DF001E8C47 /* libzmq.a in Frameworks */ = {isa = PBXBuildFile; fileRef = 9FFF7BA415E5F2DE001E8C47 /* libzmq.a */; };
		9FFF7BAB15E5F2DF001E8C47 /* libzmq.dylib in Frameworks */ = {isa = PBXBuildFile; fileRef = 9FFF7BA515E5F2DE001E8C47 /* libzmq.dylib */; };
		9FFF7BEC15E5F4FD001E8C47 /* libsamplerate.0.dylib in Frameworks */ = {isa = PBXBuildFile; fileRef = 9FFF7BE615E5F4FD001E8C47 /* libsamplerate.0.dylib */; };
		9FFF7BED15E5F4FD001E8C47 /* libsamplerate.a in Frameworks */ = {isa = PBXBuildFile; fileRef = 9FFF7BE715E5F4FD001E8C47 /* libsamplerate.a */; };
		9FFF7BEE15E5F4FD001E8C47 /* libsndfile.1.dylib in Frameworks */ = {isa = PBXBuildFile; fileRef = 9FFF7BE915E5F4FD001E8C47 /* libsndfile.1.dylib */; };
		9FFF7BEF15E5F4FD001E8C47 /* libsndfile.a in Frameworks */ = {isa = PBXBuildFile; fileRef = 9FFF7BEA15E5F4FD001E8C47 /* libsndfile.a */; };
/* End PBXBuildFile section */

/* Begin PBXCopyFilesBuildPhase section */
		8DD76F690486A84900D96B5E /* CopyFiles */ = {
			isa = PBXCopyFilesBuildPhase;
			buildActionMask = 8;
			dstPath = /usr/share/man/man1/;
			dstSubfolderSpec = 0;
			files = (
				8DD76F6A0486A84900D96B5E /* rehearsal-seg-cluster.1 in CopyFiles */,
			);
			runOnlyForDeploymentPostprocessing = 1;
		};
/* End PBXCopyFilesBuildPhase section */

/* Begin PBXFileReference section */
		08FB7796FE84155DC02AAC07 /* main.cpp */ = {isa = PBXFileReference; fileEncoding = 4; lastKnownFileType = sourcecode.cpp.cpp; path = main.cpp; sourceTree = "<group>"; };
		8DD76F6C0486A84900D96B5E /* rehearsal-seg-cluster */ = {isa = PBXFileReference; explicitFileType = "compiled.mach-o.executable"; includeInIndex = 0; path = "rehearsal-seg-cluster"; sourceTree = BUILT_PRODUCTS_DIR; };
		9FC7DA4E15E5E84900F73D40 /* adaboost.cpp */ = {isa = PBXFileReference; fileEncoding = 4; lastKnownFileType = sourcecode.cpp.cpp; path = adaboost.cpp; sourceTree = "<group>"; };
		9FC7DA4F15E5E84900F73D40 /* adaboost.h */ = {isa = PBXFileReference; fileEncoding = 4; lastKnownFileType = sourcecode.c.h; path = adaboost.h; sourceTree = "<group>"; };
		9FC7DA5015E5E84900F73D40 /* audio_clip.cpp */ = {isa = PBXFileReference; fileEncoding = 4; lastKnownFileType = sourcecode.cpp.cpp; path = audio_clip.cpp; sourceTree = "<group>"; };
		9FC7DA5115E5E84900F73D40 /* audio_clip.h */ = {isa = PBXFileReference; fileEncoding = 4; lastKnownFileType = sourcecode.c.h; path = audio_clip.h; sourceTree = "<group>"; };
		9FC7DA5215E5E84900F73D40 /* audio_player.cpp */ = {isa = PBXFileReference; fileEncoding = 4; lastKnownFileType = sourcecode.cpp.cpp; path = audio_player.cpp; sourceTree = "<group>"; };
		9FC7DA5315E5E84900F73D40 /* audio_player.h */ = {isa = PBXFileReference; fileEncoding = 4; lastKnownFileType = sourcecode.c.h; path = audio_player.h; sourceTree = "<group>"; };
		9FC7DA5415E5E84900F73D40 /* audiofilereader.cpp */ = {isa = PBXFileReference; fileEncoding = 4; lastKnownFileType = sourcecode.cpp.cpp; path = audiofilereader.cpp; sourceTree = "<group>"; };
		9FC7DA5515E5E84900F73D40 /* audiofilereader.h */ = {isa = PBXFileReference; fileEncoding = 4; lastKnownFileType = sourcecode.c.h; path = audiofilereader.h; sourceTree = "<group>"; };
		9FC7DA5615E5E84900F73D40 /* audioreader.cpp */ = {isa = PBXFileReference; fileEncoding = 4; lastKnownFileType = sourcecode.cpp.cpp; path = audioreader.cpp; sourceTree = "<group>"; };
		9FC7DA5715E5E84900F73D40 /* audioreader.h */ = {isa = PBXFileReference; fileEncoding = 4; lastKnownFileType = sourcecode.c.h; path = audioreader.h; sourceTree = "<group>"; };
		9FC7DA5D15E5E87600F73D40 /* rsc_utils.cpp */ = {isa = PBXFileReference; fileEncoding = 4; lastKnownFileType = sourcecode.cpp.cpp; path = rsc_utils.cpp; sourceTree = "<group>"; };
		9FC7DA5E15E5E87600F73D40 /* rsc_utils.h */ = {isa = PBXFileReference; fileEncoding = 4; lastKnownFileType = sourcecode.c.h; path = rsc_utils.h; sourceTree = "<group>"; };
		9FC7DA6015E5E89200F73D40 /* music_noise_classifier.cpp */ = {isa = PBXFileReference; fileEncoding = 4; lastKnownFileType = sourcecode.cpp.cpp; path = music_noise_classifier.cpp; sourceTree = "<group>"; };
		9FC7DA6115E5E89200F73D40 /* music_noise_classifier.h */ = {isa = PBXFileReference; fileEncoding = 4; lastKnownFileType = sourcecode.c.h; path = music_noise_classifier.h; sourceTree = "<group>"; };
		9FC7DA6715E5E8D600F73D40 /* FFT3.cpp */ = {isa = PBXFileReference; fileEncoding = 4; lastKnownFileType = sourcecode.cpp.cpp; path = FFT3.cpp; sourceTree = "<group>"; };
		9FC7DA6815E5E8D600F73D40 /* FFT3.h */ = {isa = PBXFileReference; fileEncoding = 4; lastKnownFileType = sourcecode.c.h; path = FFT3.h; sourceTree = "<group>"; };
		9FC7DA6A15E5E8EB00F73D40 /* clip_cluster.cpp */ = {isa = PBXFileReference; fileEncoding = 4; lastKnownFileType = sourcecode.cpp.cpp; path = clip_cluster.cpp; sourceTree = "<group>"; };
		9FC7DA6B15E5E8EB00F73D40 /* clip_cluster.h */ = {isa = PBXFileReference; fileEncoding = 4; lastKnownFileType = sourcecode.c.h; path = clip_cluster.h; sourceTree = "<group>"; };
		9FC7DA6C15E5E8EB00F73D40 /* constant.h */ = {isa = PBXFileReference; fileEncoding = 4; lastKnownFileType = sourcecode.c.h; path = constant.h; sourceTree = "<group>"; };
		9FC7DA6D15E5E8EB00F73D40 /* feature_extractor.cpp */ = {isa = PBXFileReference; fileEncoding = 4; lastKnownFileType = sourcecode.cpp.cpp; path = feature_extractor.cpp; sourceTree = "<group>"; };
		9FC7DA6E15E5E8EB00F73D40 /* feature_extractor.h */ = {isa = PBXFileReference; fileEncoding = 4; lastKnownFileType = sourcecode.c.h; path = feature_extractor.h; sourceTree = "<group>"; };
		9FC7DA7215E5E8F400F73D40 /* hmm_smoother.cpp */ = {isa = PBXFileReference; fileEncoding = 4; lastKnownFileType = sourcecode.cpp.cpp; path = hmm_smoother.cpp; sourceTree = "<group>"; };
		9FC7DA7315E5E8F400F73D40 /* hmm_smoother.h */ = {isa = PBXFileReference; fileEncoding = 4; lastKnownFileType = sourcecode.c.h; path = hmm_smoother.h; sourceTree = "<group>"; };
		9FFF7BA015E5F2DE001E8C47 /* libportaudio.2.dylib */ = {isa = PBXFileReference; lastKnownFileType = "compiled.mach-o.dylib"; path = libportaudio.2.dylib; sourceTree = "<group>"; };
		9FFF7BA115E5F2DE001E8C47 /* libportaudio.a */ = {isa = PBXFileReference; lastKnownFileType = archive.ar; path = libportaudio.a; sourceTree = "<group>"; };
		9FFF7BA215E5F2DE001E8C47 /* libportaudio.la */ = {isa = PBXFileReference; fileEncoding = 4; lastKnownFileType = text; path = libportaudio.la; sourceTree = "<group>"; };
		9FFF7BA315E5F2DE001E8C47 /* libzmq.1.dylib */ = {isa = PBXFileReference; lastKnownFileType = "compiled.mach-o.dylib"; path = libzmq.1.dylib; sourceTree = "<group>"; };
		9FFF7BA415E5F2DE001E8C47 /* libzmq.a */ = {isa = PBXFileReference; lastKnownFileType = archive.ar; path = libzmq.a; sourceTree = "<group>"; };
		9FFF7BA515E5F2DE001E8C47 /* libzmq.dylib */ = {isa = PBXFileReference; lastKnownFileType = "compiled.mach-o.dylib"; path = libzmq.dylib; sourceTree = "<group>"; };
		9FFF7BA615E5F2DE001E8C47 /* libzmq.la */ = {isa = PBXFileReference; fileEncoding = 4; lastKnownFileType = text; path = libzmq.la; sourceTree = "<group>"; };
		9FFF7BE615E5F4FD001E8C47 /* libsamplerate.0.dylib */ = {isa = PBXFileReference; lastKnownFileType = "compiled.mach-o.dylib"; path = libsamplerate.0.dylib; sourceTree = "<group>"; };
		9FFF7BE715E5F4FD001E8C47 /* libsamplerate.a */ = {isa = PBXFileReference; lastKnownFileType = archive.ar; path = libsamplerate.a; sourceTree = "<group>"; };
		9FFF7BE815E5F4FD001E8C47 /* libsamplerate.la */ = {isa = PBXFileReference; fileEncoding = 4; lastKnownFileType = text; path = libsamplerate.la; sourceTree = "<group>"; };
		9FFF7BE915E5F4FD001E8C47 /* libsndfile.1.dylib */ = {isa = PBXFileReference; lastKnownFileType = "compiled.mach-o.dylib"; path = libsndfile.1.dylib; sourceTree = "<group>"; };
		9FFF7BEA15E5F4FD001E8C47 /* libsndfile.a */ = {isa = PBXFileReference; lastKnownFileType = archive.ar; path = libsndfile.a; sourceTree = "<group>"; };
		9FFF7BEB15E5F4FD001E8C47 /* libsndfile.la */ = {isa = PBXFileReference; fileEncoding = 4; lastKnownFileType = text; path = libsndfile.la; sourceTree = "<group>"; };
		C6859E8B029090EE04C91782 /* rehearsal-seg-cluster.1 */ = {isa = PBXFileReference; lastKnownFileType = text.man; path = "rehearsal-seg-cluster.1"; sourceTree = "<group>"; };
/* End PBXFileReference section */

/* Begin PBXFrameworksBuildPhase section */
		8DD76F660486A84900D96B5E /* Frameworks */ = {
			isa = PBXFrameworksBuildPhase;
			buildActionMask = 2147483647;
			files = (
				9FFF7BA715E5F2DE001E8C47 /* libportaudio.2.dylib in Frameworks */,
				9FFF7BA815E5F2DE001E8C47 /* libportaudio.a in Frameworks */,
				9FFF7BA915E5F2DF001E8C47 /* libzmq.1.dylib in Frameworks */,
				9FFF7BAA15E5F2DF001E8C47 /* libzmq.a in Frameworks */,
				9FFF7BAB15E5F2DF001E8C47 /* libzmq.dylib in Frameworks */,
				9FFF7BEC15E5F4FD001E8C47 /* libsamplerate.0.dylib in Frameworks */,
				9FFF7BED15E5F4FD001E8C47 /* libsamplerate.a in Frameworks */,
				9FFF7BEE15E5F4FD001E8C47 /* libsndfile.1.dylib in Frameworks */,
				9FFF7BEF15E5F4FD001E8C47 /* libsndfile.a in Frameworks */,
			);
			runOnlyForDeploymentPostprocessing = 0;
		};
/* End PBXFrameworksBuildPhase section */

/* Begin PBXGroup section */
		08FB7794FE84155DC02AAC07 /* rehearsal-seg-cluster */ = {
			isa = PBXGroup;
			children = (
				9FFF7BE615E5F4FD001E8C47 /* libsamplerate.0.dylib */,
				9FFF7BE715E5F4FD001E8C47 /* libsamplerate.a */,
				9FFF7BE815E5F4FD001E8C47 /* libsamplerate.la */,
				9FFF7BE915E5F4FD001E8C47 /* libsndfile.1.dylib */,
				9FFF7BEA15E5F4FD001E8C47 /* libsndfile.a */,
				9FFF7BEB15E5F4FD001E8C47 /* libsndfile.la */,
				9FFF7B9F15E5F2DE001E8C47 /* lib */,
				08FB7795FE84155DC02AAC07 /* Source */,
				C6859E8C029090F304C91782 /* Documentation */,
				1AB674ADFE9D54B511CA2CBB /* Products */,
			);
			name = "rehearsal-seg-cluster";
			sourceTree = "<group>";
		};
		08FB7795FE84155DC02AAC07 /* Source */ = {
			isa = PBXGroup;
			children = (
				9FC7DA9F15E5E9F800F73D40 /* Feature_Extractor */,
				9FC7DA9E15E5E9E200F73D40 /* Cluster */,
				9FC7DA9D15E5E9BF00F73D40 /* AudioIO */,
				9FC7DA9C15E5E9A800F73D40 /* MNC */,
				9FC7DA9B15E5E99900F73D40 /* Misc */,
				9FC7DA6615E5E8D600F73D40 /* fft3 */,
				08FB7796FE84155DC02AAC07 /* main.cpp */,
			);
			name = Source;
			sourceTree = "<group>";
		};
		1AB674ADFE9D54B511CA2CBB /* Products */ = {
			isa = PBXGroup;
			children = (
				8DD76F6C0486A84900D96B5E /* rehearsal-seg-cluster */,
			);
			name = Products;
			sourceTree = "<group>";
		};
		9FC7DA6615E5E8D600F73D40 /* fft3 */ = {
			isa = PBXGroup;
			children = (
				9FC7DA6715E5E8D600F73D40 /* FFT3.cpp */,
				9FC7DA6815E5E8D600F73D40 /* FFT3.h */,
			);
			path = fft3;
			sourceTree = "<group>";
		};
		9FC7DA9B15E5E99900F73D40 /* Misc */ = {
			isa = PBXGroup;
			children = (
				9FC7DA5D15E5E87600F73D40 /* rsc_utils.cpp */,
				9FC7DA5E15E5E87600F73D40 /* rsc_utils.h */,
				9FC7DA6C15E5E8EB00F73D40 /* constant.h */,
			);
			name = Misc;
			sourceTree = "<group>";
		};
		9FC7DA9C15E5E9A800F73D40 /* MNC */ = {
			isa = PBXGroup;
			children = (
				9FC7DA4F15E5E84900F73D40 /* adaboost.h */,
				9FC7DA4E15E5E84900F73D40 /* adaboost.cpp */,
				9FC7DA6115E5E89200F73D40 /* music_noise_classifier.h */,
				9FC7DA6015E5E89200F73D40 /* music_noise_classifier.cpp */,
			);
			name = MNC;
			sourceTree = "<group>";
		};
		9FC7DA9D15E5E9BF00F73D40 /* AudioIO */ = {
			isa = PBXGroup;
			children = (
				9FC7DA5215E5E84900F73D40 /* audio_player.cpp */,
				9FC7DA5315E5E84900F73D40 /* audio_player.h */,
				9FC7DA5415E5E84900F73D40 /* audiofilereader.cpp */,
				9FC7DA5515E5E84900F73D40 /* audiofilereader.h */,
				9FC7DA5615E5E84900F73D40 /* audioreader.cpp */,
				9FC7DA5715E5E84900F73D40 /* audioreader.h */,
			);
			name = AudioIO;
			sourceTree = "<group>";
		};
		9FC7DA9E15E5E9E200F73D40 /* Cluster */ = {
			isa = PBXGroup;
			children = (
				9FC7DA6A15E5E8EB00F73D40 /* clip_cluster.cpp */,
				9FC7DA6B15E5E8EB00F73D40 /* clip_cluster.h */,
				9FC7DA5015E5E84900F73D40 /* audio_clip.cpp */,
				9FC7DA7215E5E8F400F73D40 /* hmm_smoother.cpp */,
				9FC7DA7315E5E8F400F73D40 /* hmm_smoother.h */,
				9FC7DA5115E5E84900F73D40 /* audio_clip.h */,
			);
			name = Cluster;
			sourceTree = "<group>";
		};
		9FC7DA9F15E5E9F800F73D40 /* Feature_Extractor */ = {
			isa = PBXGroup;
			children = (
				9FC7DA6D15E5E8EB00F73D40 /* feature_extractor.cpp */,
				9FC7DA6E15E5E8EB00F73D40 /* feature_extractor.h */,
			);
			name = Feature_Extractor;
			sourceTree = "<group>";
		};
		9FFF7B9F15E5F2DE001E8C47 /* lib */ = {
			isa = PBXGroup;
			children = (
				9FFF7BA015E5F2DE001E8C47 /* libportaudio.2.dylib */,
				9FFF7BA115E5F2DE001E8C47 /* libportaudio.a */,
				9FFF7BA215E5F2DE001E8C47 /* libportaudio.la */,
				9FFF7BA315E5F2DE001E8C47 /* libzmq.1.dylib */,
				9FFF7BA415E5F2DE001E8C47 /* libzmq.a */,
				9FFF7BA515E5F2DE001E8C47 /* libzmq.dylib */,
				9FFF7BA615E5F2DE001E8C47 /* libzmq.la */,
			);
			name = lib;
			path = ../lib;
			sourceTree = SOURCE_ROOT;
		};
		C6859E8C029090F304C91782 /* Documentation */ = {
			isa = PBXGroup;
			children = (
				C6859E8B029090EE04C91782 /* rehearsal-seg-cluster.1 */,
			);
			name = Documentation;
			sourceTree = "<group>";
		};
/* End PBXGroup section */

/* Begin PBXNativeTarget section */
		8DD76F620486A84900D96B5E /* rehearsal-seg-cluster */ = {
			isa = PBXNativeTarget;
			buildConfigurationList = 1DEB923108733DC60010E9CD /* Build configuration list for PBXNativeTarget "rehearsal-seg-cluster" */;
			buildPhases = (
				8DD76F640486A84900D96B5E /* Sources */,
				8DD76F660486A84900D96B5E /* Frameworks */,
				8DD76F690486A84900D96B5E /* CopyFiles */,
			);
			buildRules = (
			);
			dependencies = (
			);
			name = "rehearsal-seg-cluster";
			productInstallPath = "$(HOME)/bin";
			productName = "rehearsal-seg-cluster";
			productReference = 8DD76F6C0486A84900D96B5E /* rehearsal-seg-cluster */;
			productType = "com.apple.product-type.tool";
		};
/* End PBXNativeTarget section */

/* Begin PBXProject section */
		08FB7793FE84155DC02AAC07 /* Project object */ = {
			isa = PBXProject;
			buildConfigurationList = 1DEB923508733DC60010E9CD /* Build configuration list for PBXProject "rehearsal-seg-cluster" */;
			compatibilityVersion = "Xcode 3.1";
			developmentRegion = English;
			hasScannedForEncodings = 1;
			knownRegions = (
				English,
				Japanese,
				French,
				German,
			);
			mainGroup = 08FB7794FE84155DC02AAC07 /* rehearsal-seg-cluster */;
			projectDirPath = "";
			projectRoot = "";
			targets = (
				8DD76F620486A84900D96B5E /* rehearsal-seg-cluster */,
			);
		};
/* End PBXProject section */

/* Begin PBXSourcesBuildPhase section */
		8DD76F640486A84900D96B5E /* Sources */ = {
			isa = PBXSourcesBuildPhase;
			buildActionMask = 2147483647;
			files = (
				8DD76F650486A84900D96B5E /* main.cpp in Sources */,
				9FC7DA5815E5E84900F73D40 /* adaboost.cpp in Sources */,
				9FC7DA5915E5E84900F73D40 /* audio_clip.cpp in Sources */,
				9FC7DA5A15E5E84900F73D40 /* audio_player.cpp in Sources */,
				9FC7DA5B15E5E84900F73D40 /* audiofilereader.cpp in Sources */,
				9FC7DA5C15E5E84900F73D40 /* audioreader.cpp in Sources */,
				9FC7DA5F15E5E87600F73D40 /* rsc_utils.cpp in Sources */,
				9FC7DA6215E5E89200F73D40 /* music_noise_classifier.cpp in Sources */,
				9FC7DA6915E5E8D600F73D40 /* FFT3.cpp in Sources */,
				9FC7DA6F15E5E8EB00F73D40 /* clip_cluster.cpp in Sources */,
				9FC7DA7015E5E8EB00F73D40 /* feature_extractor.cpp in Sources */,
				9FC7DA7515E5E8F400F73D40 /* hmm_smoother.cpp in Sources */,
			);
			runOnlyForDeploymentPostprocessing = 0;
		};
/* End PBXSourcesBuildPhase section */

/* Begin XCBuildConfiguration section */
		1DEB923208733DC60010E9CD /* Debug */ = {
			isa = XCBuildConfiguration;
			buildSettings = {
				ALWAYS_SEARCH_USER_PATHS = NO;
				COPY_PHASE_STRIP = NO;
				GCC_DYNAMIC_NO_PIC = NO;
				GCC_ENABLE_FIX_AND_CONTINUE = YES;
				GCC_MODEL_TUNING = G5;
				GCC_OPTIMIZATION_LEVEL = 0;
				INSTALL_PATH = /usr/local/bin;
				LIBRARY_SEARCH_PATHS = (
					"$(inherited)",
					"\"$(SRCROOT)/lib\"",
					"\"$(SRCROOT)/../lib\"",
					"\"$(SRCROOT)/../rehearsal-seg-cluster-backup/lib\"",
					"\"$(SRCROOT)\"",
				);
				PRODUCT_NAME = "rehearsal-seg-cluster";
			};
			name = Debug;
		};
		1DEB923308733DC60010E9CD /* Release */ = {
			isa = XCBuildConfiguration;
			buildSettings = {
				ALWAYS_SEARCH_USER_PATHS = NO;
				DEBUG_INFORMATION_FORMAT = "dwarf-with-dsym";
				GCC_MODEL_TUNING = G5;
				INSTALL_PATH = /usr/local/bin;
				LIBRARY_SEARCH_PATHS = (
					"$(inherited)",
					"\"$(SRCROOT)/lib\"",
					"\"$(SRCROOT)/../lib\"",
					"\"$(SRCROOT)/../rehearsal-seg-cluster-backup/lib\"",
					"\"$(SRCROOT)\"",
				);
				PRODUCT_NAME = "rehearsal-seg-cluster";
			};
			name = Release;
		};
		1DEB923608733DC60010E9CD /* Debug */ = {
			isa = XCBuildConfiguration;
			buildSettings = {
				ARCHS = "$(ARCHS_STANDARD_32_64_BIT)";
				GCC_C_LANGUAGE_STANDARD = gnu99;
				GCC_OPTIMIZATION_LEVEL = 0;
				GCC_WARN_ABOUT_RETURN_TYPE = YES;
				GCC_WARN_UNUSED_VARIABLE = YES;
				ONLY_ACTIVE_ARCH = YES;
				PREBINDING = NO;
				SDKROOT = macosx10.6;
			};
			name = Debug;
		};
		1DEB923708733DC60010E9CD /* Release */ = {
			isa = XCBuildConfiguration;
			buildSettings = {
				ARCHS = "$(ARCHS_STANDARD_32_64_BIT)";
				GCC_C_LANGUAGE_STANDARD = gnu99;
				GCC_WARN_ABOUT_RETURN_TYPE = YES;
				GCC_WARN_UNUSED_VARIABLE = YES;
				PREBINDING = NO;
				SDKROOT = macosx10.6;
			};
			name = Release;
		};
/* End XCBuildConfiguration section */

/* Begin XCConfigurationList section */
		1DEB923108733DC60010E9CD /* Build configuration list for PBXNativeTarget "rehearsal-seg-cluster" */ = {
			isa = XCConfigurationList;
			buildConfigurations = (
				1DEB923208733DC60010E9CD /* Debug */,
				1DEB923308733DC60010E9CD /* Release */,
			);
			defaultConfigurationIsVisible = 0;
			defaultConfigurationName = Release;
		};
		1DEB923508733DC60010E9CD /* Build configuration list for PBXProject "rehearsal-seg-cluster" */ = {
			isa = XCConfigurationList;
			buildConfigurations = (
				1DEB923608733DC60010E9CD /* Debug */,
				1DEB923708733DC60010E9CD /* Release */,
			);
			defaultConfigurationIsVisible = 0;
			defaultConfigurationName = Release;
		};
/* End XCConfigurationList section */
	};
	rootObject = 08FB7793FE84155DC02AAC07 /* Project object */;
}
